seed: 42
train_results: outputs/p1v_spiqa_colsmol_train_fullres/results.json
calibration_results: outputs/p1v_spiqa_colsmol_calibration_fullres/results.json
policy:
  regularization_c: 0.25
gate:
  min_r1_retention: 0.95
  min_mrr_retention: 0.95
  max_strong_route_rate: 0.85
outputs:
  policy_lock: artifacts/r4_spiqa_early_router_policy_lock.json
